// !$*UTF8*$!
{
	archiveVersion = 1;
	classes = {
	};
	objectVersion = 50;
	objects = {

/* Begin PBXBuildFile section */
		8B387EEF256DA4230071C3FE /* StudentLinkedInApp.swift in Sources */ = {isa = PBXBuildFile; fileRef = 8B387EEE256DA4230071C3FE /* StudentLinkedInApp.swift */; };
		8B387EF1256DA4230071C3FE /* ContentView.swift in Sources */ = {isa = PBXBuildFile; fileRef = 8B387EF0256DA4230071C3FE /* ContentView.swift */; };
		8B387EF3256DA4250071C3FE /* Assets.xcassets in Resources */ = {isa = PBXBuildFile; fileRef = 8B387EF2256DA4250071C3FE /* Assets.xcassets */; };
		8B387EF6256DA4250071C3FE /* Preview Assets.xcassets in Resources */ = {isa = PBXBuildFile; fileRef = 8B387EF5256DA4250071C3FE /* Preview Assets.xcassets */; };
		8B387F01256DA4250071C3FE /* StudentLinkedInTests.swift in Sources */ = {isa = PBXBuildFile; fileRef = 8B387F00256DA4250071C3FE /* StudentLinkedInTests.swift */; };
		8B387F0C256DA4250071C3FE /* StudentLinkedInUITests.swift in Sources */ = {isa = PBXBuildFile; fileRef = 8B387F0B256DA4250071C3FE /* StudentLinkedInUITests.swift */; };
/* End PBXBuildFile section */

/* Begin PBXContainerItemProxy section */
		8B387EFD256DA4250071C3FE /* PBXContainerItemProxy */ = {
			isa = PBXContainerItemProxy;
			containerPortal = 8B387EE3256DA4230071C3FE /* Project object */;
			proxyType = 1;
			remoteGlobalIDString = 8B387EEA256DA4230071C3FE;
			remoteInfo = StudentLinkedIn;
		};
		8B387F08256DA4250071C3FE /* PBXContainerItemProxy */ = {
			isa = PBXContainerItemProxy;
			containerPortal = 8B387EE3256DA4230071C3FE /* Project object */;
			proxyType = 1;
			remoteGlobalIDString = 8B387EEA256DA4230071C3FE;
			remoteInfo = StudentLinkedIn;
		};
/* End PBXContainerItemProxy section */

/* Begin PBXFileReference section */
		8B387EEB256DA4230071C3FE /* StudentLinkedIn.app */ = {isa = PBXFileReference; explicitFileType = wrapper.application; includeInIndex = 0; path = StudentLinkedIn.app; sourceTree = BUILT_PRODUCTS_DIR; };
		8B387EEE256DA4230071C3FE /* StudentLinkedInApp.swift */ = {isa = PBXFileReference; lastKnownFileType = sourcecode.swift; path = StudentLinkedInApp.swift; sourceTree = "<group>"; };
		8B387EF0256DA4230071C3FE /* ContentView.swift */ = {isa = PBXFileReference; lastKnownFileType = sourcecode.swift; path = ContentView.swift; sourceTree = "<group>"; };
		8B387EF2256DA4250071C3FE /* Assets.xcassets */ = {isa = PBXFileReference; lastKnownFileType = folder.assetcatalog; path = Assets.xcassets; sourceTree = "<group>"; };
		8B387EF5256DA4250071C3FE /* Preview Assets.xcassets */ = {isa = PBXFileReference; lastKnownFileType = folder.assetcatalog; path = "Preview Assets.xcassets"; sourceTree = "<group>"; };
		8B387EF7256DA4250071C3FE /* Info.plist */ = {isa = PBXFileReference; lastKnownFileType = text.plist.xml; path = Info.plist; sourceTree = "<group>"; };
		8B387EFC256DA4250071C3FE /* StudentLinkedInTests.xctest */ = {isa = PBXFileReference; explicitFileType = wrapper.cfbundle; includeInIndex = 0; path = StudentLinkedInTests.xctest; sourceTree = BUILT_PRODUCTS_DIR; };
		8B387F00256DA4250071C3FE /* StudentLinkedInTests.swift */ = {isa = PBXFileReference; lastKnownFileType = sourcecode.swift; path = StudentLinkedInTests.swift; sourceTree = "<group>"; };
		8B387F02256DA4250071C3FE /* Info.plist */ = {isa = PBXFileReference; lastKnownFileType = text.plist.xml; path = Info.plist; sourceTree = "<group>"; };
		8B387F07256DA4250071C3FE /* StudentLinkedInUITests.xctest */ = {isa = PBXFileReference; explicitFileType = wrapper.cfbundle; includeInIndex = 0; path = StudentLinkedInUITests.xctest; sourceTree = BUILT_PRODUCTS_DIR; };
		8B387F0B256DA4250071C3FE /* StudentLinkedInUITests.swift */ = {isa = PBXFileReference; lastKnownFileType = sourcecode.swift; path = StudentLinkedInUITests.swift; sourceTree = "<group>"; };
		8B387F0D256DA4250071C3FE /* Info.plist */ = {isa = PBXFileReference; lastKnownFileType = text.plist.xml; path = Info.plist; sourceTree = "<group>"; };
/* End PBXFileReference section */

/* Begin PBXFrameworksBuildPhase section */
		8B387EE8256DA4230071C3FE /* Frameworks */ = {
			isa = PBXFrameworksBuildPhase;
			buildActionMask = 2147483647;
			files = (
			);
			runOnlyForDeploymentPostprocessing = 0;
		};
		8B387EF9256DA4250071C3FE /* Frameworks */ = {
			isa = PBXFrameworksBuildPhase;
			buildActionMask = 2147483647;
			files = (
			);
			runOnlyForDeploymentPostprocessing = 0;
		};
		8B387F04256DA4250071C3FE /* Frameworks */ = {
			isa = PBXFrameworksBuildPhase;
			buildActionMask = 2147483647;
			files = (
			);
			runOnlyForDeploymentPostprocessing = 0;
		};
/* End PBXFrameworksBuildPhase section */

/* Begin PBXGroup section */
		8B387EE2256DA4230071C3FE = {
			isa = PBXGroup;
			children = (
				8B387EED256DA4230071C3FE /* StudentLinkedIn */,
				8B387EFF256DA4250071C3FE /* StudentLinkedInTests */,
				8B387F0A256DA4250071C3FE /* StudentLinkedInUITests */,
				8B387EEC256DA4230071C3FE /* Products */,
			);
			sourceTree = "<group>";
		};
		8B387EEC256DA4230071C3FE /* Products */ = {
			isa = PBXGroup;
			children = (
				8B387EEB256DA4230071C3FE /* StudentLinkedIn.app */,
				8B387EFC256DA4250071C3FE /* StudentLinkedInTests.xctest */,
				8B387F07256DA4250071C3FE /* StudentLinkedInUITests.xctest */,
			);
			name = Products;
			sourceTree = "<group>";
		};
		8B387EED256DA4230071C3FE /* StudentLinkedIn */ = {
			isa = PBXGroup;
			children = (
				8B387EEE256DA4230071C3FE /* StudentLinkedInApp.swift */,
				8B387EF0256DA4230071C3FE /* ContentView.swift */,
				8B387EF2256DA4250071C3FE /* Assets.xcassets */,
				8B387EF7256DA4250071C3FE /* Info.plist */,
				8B387EF4256DA4250071C3FE /* Preview Content */,
			);
			path = StudentLinkedIn;
			sourceTree = "<group>";
		};
		8B387EF4256DA4250071C3FE /* Preview Content */ = {
			isa = PBXGroup;
			children = (
				8B387EF5256DA4250071C3FE /* Preview Assets.xcassets */,
			);
			path = "Preview Content";
			sourceTree = "<group>";
		};
		8B387EFF256DA4250071C3FE /* StudentLinkedInTests */ = {
			isa = PBXGroup;
			children = (
				8B387F00256DA4250071C3FE /* StudentLinkedInTests.swift */,
				8B387F02256DA4250071C3FE /* Info.plist */,
			);
			path = StudentLinkedInTests;
			sourceTree = "<group>";
		};
		8B387F0A256DA4250071C3FE /* StudentLinkedInUITests */ = {
			isa = PBXGroup;
			children = (
				8B387F0B256DA4250071C3FE /* StudentLinkedInUITests.swift */,
				8B387F0D256DA4250071C3FE /* Info.plist */,
			);
			path = StudentLinkedInUITests;
			sourceTree = "<group>";
		};
/* End PBXGroup section */

/* Begin PBXNativeTarget section */
		8B387EEA256DA4230071C3FE /* StudentLinkedIn */ = {
			isa = PBXNativeTarget;
			buildConfigurationList = 8B387F10256DA4250071C3FE /* Build configuration list for PBXNativeTarget "StudentLinkedIn" */;
			buildPhases = (
				8B387EE7256DA4230071C3FE /* Sources */,
				8B387EE8256DA4230071C3FE /* Frameworks */,
				8B387EE9256DA4230071C3FE /* Resources */,
			);
			buildRules = (
			);
			dependencies = (
			);
			name = StudentLinkedIn;
			productName = StudentLinkedIn;
			productReference = 8B387EEB256DA4230071C3FE /* StudentLinkedIn.app */;
			productType = "com.apple.product-type.application";
		};
		8B387EFB256DA4250071C3FE /* StudentLinkedInTests */ = {
			isa = PBXNativeTarget;
			buildConfigurationList = 8B387F13256DA4250071C3FE /* Build configuration list for PBXNativeTarget "StudentLinkedInTests" */;
			buildPhases = (
				8B387EF8256DA4250071C3FE /* Sources */,
				8B387EF9256DA4250071C3FE /* Frameworks */,
				8B387EFA256DA4250071C3FE /* Resources */,
			);
			buildRules = (
			);
			dependencies = (
				8B387EFE256DA4250071C3FE /* PBXTargetDependency */,
			);
			name = StudentLinkedInTests;
			productName = StudentLinkedInTests;
			productReference = 8B387EFC256DA4250071C3FE /* StudentLinkedInTests.xctest */;
			productType = "com.apple.product-type.bundle.unit-test";
		};
		8B387F06256DA4250071C3FE /* StudentLinkedInUITests */ = {
			isa = PBXNativeTarget;
			buildConfigurationList = 8B387F16256DA4250071C3FE /* Build configuration list for PBXNativeTarget "StudentLinkedInUITests" */;
			buildPhases = (
				8B387F03256DA4250071C3FE /* Sources */,
				8B387F04256DA4250071C3FE /* Frameworks */,
				8B387F05256DA4250071C3FE /* Resources */,
			);
			buildRules = (
			);
			dependencies = (
				8B387F09256DA4250071C3FE /* PBXTargetDependency */,
			);
			name = StudentLinkedInUITests;
			productName = StudentLinkedInUITests;
			productReference = 8B387F07256DA4250071C3FE /* StudentLinkedInUITests.xctest */;
			productType = "com.apple.product-type.bundle.ui-testing";
		};
/* End PBXNativeTarget section */

/* Begin PBXProject section */
		8B387EE3256DA4230071C3FE /* Project object */ = {
			isa = PBXProject;
			attributes = {
				LastSwiftUpdateCheck = 1220;
				LastUpgradeCheck = 1220;
				TargetAttributes = {
					8B387EEA256DA4230071C3FE = {
						CreatedOnToolsVersion = 12.2;
					};
					8B387EFB256DA4250071C3FE = {
						CreatedOnToolsVersion = 12.2;
						TestTargetID = 8B387EEA256DA4230071C3FE;
					};
					8B387F06256DA4250071C3FE = {
						CreatedOnToolsVersion = 12.2;
						TestTargetID = 8B387EEA256DA4230071C3FE;
					};
				};
			};
			buildConfigurationList = 8B387EE6256DA4230071C3FE /* Build configuration list for PBXProject "StudentLinkedIn" */;
			compatibilityVersion = "Xcode 9.3";
			developmentRegion = en;
			hasScannedForEncodings = 0;
			knownRegions = (
				en,
				Base,
			);
			mainGroup = 8B387EE2256DA4230071C3FE;
			productRefGroup = 8B387EEC256DA4230071C3FE /* Products */;
			projectDirPath = "";
			projectRoot = "";
			targets = (
				8B387EEA256DA4230071C3FE /* StudentLinkedIn */,
				8B387EFB256DA4250071C3FE /* StudentLinkedInTests */,
				8B387F06256DA4250071C3FE /* StudentLinkedInUITests */,
			);
		};
/* End PBXProject section */

/* Begin PBXResourcesBuildPhase section */
		8B387EE9256DA4230071C3FE /* Resources */ = {
			isa = PBXResourcesBuildPhase;
			buildActionMask = 2147483647;
			files = (
				8B387EF6256DA4250071C3FE /* Preview Assets.xcassets in Resources */,
				8B387EF3256DA4250071C3FE /* Assets.xcassets in Resources */,
			);
			runOnlyForDeploymentPostprocessing = 0;
		};
		8B387EFA256DA4250071C3FE /* Resources */ = {
			isa = PBXResourcesBuildPhase;
			buildActionMask = 2147483647;
			files = (
			);
			runOnlyForDeploymentPostprocessing = 0;
		};
		8B387F05256DA4250071C3FE /* Resources */ = {
			isa = PBXResourcesBuildPhase;
			buildActionMask = 2147483647;
			files = (
			);
			runOnlyForDeploymentPostprocessing = 0;
		};
/* End PBXResourcesBuildPhase section */

/* Begin PBXSourcesBuildPhase section */
		8B387EE7256DA4230071C3FE /* Sources */ = {
			isa = PBXSourcesBuildPhase;
			buildActionMask = 2147483647;
			files = (
				8B387EF1256DA4230071C3FE /* ContentView.swift in Sources */,
				8B387EEF256DA4230071C3FE /* StudentLinkedInApp.swift in Sources */,
			);
			runOnlyForDeploymentPostprocessing = 0;
		};
		8B387EF8256DA4250071C3FE /* Sources */ = {
			isa = PBXSourcesBuildPhase;
			buildActionMask = 2147483647;
			files = (
				8B387F01256DA4250071C3FE /* StudentLinkedInTests.swift in Sources */,
			);
			runOnlyForDeploymentPostprocessing = 0;
		};
		8B387F03256DA4250071C3FE /* Sources */ = {
			isa = PBXSourcesBuildPhase;
			buildActionMask = 2147483647;
			files = (
				8B387F0C256DA4250071C3FE /* StudentLinkedInUITests.swift in Sources */,
			);
			runOnlyForDeploymentPostprocessing = 0;
		};
/* End PBXSourcesBuildPhase section */

/* Begin PBXTargetDependency section */
		8B387EFE256DA4250071C3FE /* PBXTargetDependency */ = {
			isa = PBXTargetDependency;
			target = 8B387EEA256DA4230071C3FE /* StudentLinkedIn */;
			targetProxy = 8B387EFD256DA4250071C3FE /* PBXContainerItemProxy */;
		};
		8B387F09256DA4250071C3FE /* PBXTargetDependency */ = {
			isa = PBXTargetDependency;
			target = 8B387EEA256DA4230071C3FE /* StudentLinkedIn */;
			targetProxy = 8B387F08256DA4250071C3FE /* PBXContainerItemProxy */;
		};
/* End PBXTargetDependency section */

/* Begin XCBuildConfiguration section */
		8B387F0E256DA4250071C3FE /* Debug */ = {
			isa = XCBuildConfiguration;
			buildSettings = {
				ALWAYS_SEARCH_USER_PATHS = NO;
				CLANG_ANALYZER_NONNULL = YES;
				CLANG_ANALYZER_NUMBER_OBJECT_CONVERSION = YES_AGGRESSIVE;
				CLANG_CXX_LANGUAGE_STANDARD = "gnu++14";
				CLANG_CXX_LIBRARY = "libc++";
				CLANG_ENABLE_MODULES = YES;
				CLANG_ENABLE_OBJC_ARC = YES;
				CLANG_ENABLE_OBJC_WEAK = YES;
				CLANG_WARN_BLOCK_CAPTURE_AUTORELEASING = YES;
				CLANG_WARN_BOOL_CONVERSION = YES;
				CLANG_WARN_COMMA = YES;
				CLANG_WARN_CONSTANT_CONVERSION = YES;
				CLANG_WARN_DEPRECATED_OBJC_IMPLEMENTATIONS = YES;
				CLANG_WARN_DIRECT_OBJC_ISA_USAGE = YES_ERROR;
				CLANG_WARN_DOCUMENTATION_COMMENTS = YES;
				CLANG_WARN_EMPTY_BODY = YES;
				CLANG_WARN_ENUM_CONVERSION = YES;
				CLANG_WARN_INFINITE_RECURSION = YES;
				CLANG_WARN_INT_CONVERSION = YES;
				CLANG_WARN_NON_LITERAL_NULL_CONVERSION = YES;
				CLANG_WARN_OBJC_IMPLICIT_RETAIN_SELF = YES;
				CLANG_WARN_OBJC_LITERAL_CONVERSION = YES;
				CLANG_WARN_OBJC_ROOT_CLASS = YES_ERROR;
				CLANG_WARN_QUOTED_INCLUDE_IN_FRAMEWORK_HEADER = YES;
				CLANG_WARN_RANGE_LOOP_ANALYSIS = YES;
				CLANG_WARN_STRICT_PROTOTYPES = YES;
				CLANG_WARN_SUSPICIOUS_MOVE = YES;
				CLANG_WARN_UNGUARDED_AVAILABILITY = YES_AGGRESSIVE;
				CLANG_WARN_UNREACHABLE_CODE = YES;
				CLANG_WARN__DUPLICATE_METHOD_MATCH = YES;
				COPY_PHASE_STRIP = NO;
				DEBUG_INFORMATION_FORMAT = dwarf;
				ENABLE_STRICT_OBJC_MSGSEND = YES;
				ENABLE_TESTABILITY = YES;
				GCC_C_LANGUAGE_STANDARD = gnu11;
				GCC_DYNAMIC_NO_PIC = NO;
				GCC_NO_COMMON_BLOCKS = YES;
				GCC_OPTIMIZATION_LEVEL = 0;
				GCC_PREPROCESSOR_DEFINITIONS = (
					"DEBUG=1",
					"$(inherited)",
				);
				GCC_WARN_64_TO_32_BIT_CONVERSION = YES;
				GCC_WARN_ABOUT_RETURN_TYPE = YES_ERROR;
				GCC_WARN_UNDECLARED_SELECTOR = YES;
				GCC_WARN_UNINITIALIZED_AUTOS = YES_AGGRESSIVE;
				GCC_WARN_UNUSED_FUNCTION = YES;
				GCC_WARN_UNUSED_VARIABLE = YES;
				IPHONEOS_DEPLOYMENT_TARGET = 14.2;
				MTL_ENABLE_DEBUG_INFO = INCLUDE_SOURCE;
				MTL_FAST_MATH = YES;
				ONLY_ACTIVE_ARCH = YES;
				SDKROOT = iphoneos;
				SWIFT_ACTIVE_COMPILATION_CONDITIONS = DEBUG;
				SWIFT_OPTIMIZATION_LEVEL = "-Onone";
			};
			name = Debug;
		};
		8B387F0F256DA4250071C3FE /* Release */ = {
			isa = XCBuildConfiguration;
			buildSettings = {
				ALWAYS_SEARCH_USER_PATHS = NO;
				CLANG_ANALYZER_NONNULL = YES;
				CLANG_ANALYZER_NUMBER_OBJECT_CONVERSION = YES_AGGRESSIVE;
				CLANG_CXX_LANGUAGE_STANDARD = "gnu++14";
				CLANG_CXX_LIBRARY = "libc++";
				CLANG_ENABLE_MODULES = YES;
				CLANG_ENABLE_OBJC_ARC = YES;
				CLANG_ENABLE_OBJC_WEAK = YES;
				CLANG_WARN_BLOCK_CAPTURE_AUTORELEASING = YES;
				CLANG_WARN_BOOL_CONVERSION = YES;
				CLANG_WARN_COMMA = YES;
				CLANG_WARN_CONSTANT_CONVERSION = YES;
				CLANG_WARN_DEPRECATED_OBJC_IMPLEMENTATIONS = YES;
				CLANG_WARN_DIRECT_OBJC_ISA_USAGE = YES_ERROR;
				CLANG_WARN_DOCUMENTATION_COMMENTS = YES;
				CLANG_WARN_EMPTY_BODY = YES;
				CLANG_WARN_ENUM_CONVERSION = YES;
				CLANG_WARN_INFINITE_RECURSION = YES;
				CLANG_WARN_INT_CONVERSION = YES;
				CLANG_WARN_NON_LITERAL_NULL_CONVERSION = YES;
				CLANG_WARN_OBJC_IMPLICIT_RETAIN_SELF = YES;
				CLANG_WARN_OBJC_LITERAL_CONVERSION = YES;
				CLANG_WARN_OBJC_ROOT_CLASS = YES_ERROR;
				CLANG_WARN_QUOTED_INCLUDE_IN_FRAMEWORK_HEADER = YES;
				CLANG_WARN_RANGE_LOOP_ANALYSIS = YES;
				CLANG_WARN_STRICT_PROTOTYPES = YES;
				CLANG_WARN_SUSPICIOUS_MOVE = YES;
				CLANG_WARN_UNGUARDED_AVAILABILITY = YES_AGGRESSIVE;
				CLANG_WARN_UNREACHABLE_CODE = YES;
				CLANG_WARN__DUPLICATE_METHOD_MATCH = YES;
				COPY_PHASE_STRIP = NO;
				DEBUG_INFORMATION_FORMAT = "dwarf-with-dsym";
				ENABLE_NS_ASSERTIONS = NO;
				ENABLE_STRICT_OBJC_MSGSEND = YES;
				GCC_C_LANGUAGE_STANDARD = gnu11;
				GCC_NO_COMMON_BLOCKS = YES;
				GCC_WARN_64_TO_32_BIT_CONVERSION = YES;
				GCC_WARN_ABOUT_RETURN_TYPE = YES_ERROR;
				GCC_WARN_UNDECLARED_SELECTOR = YES;
				GCC_WARN_UNINITIALIZED_AUTOS = YES_AGGRESSIVE;
				GCC_WARN_UNUSED_FUNCTION = YES;
				GCC_WARN_UNUSED_VARIABLE = YES;
				IPHONEOS_DEPLOYMENT_TARGET = 14.2;
				MTL_ENABLE_DEBUG_INFO = NO;
				MTL_FAST_MATH = YES;
				SDKROOT = iphoneos;
				SWIFT_COMPILATION_MODE = wholemodule;
				SWIFT_OPTIMIZATION_LEVEL = "-O";
				VALIDATE_PRODUCT = YES;
			};
			name = Release;
		};
		8B387F11256DA4250071C3FE /* Debug */ = {
			isa = XCBuildConfiguration;
			buildSettings = {
				ASSETCATALOG_COMPILER_APPICON_NAME = AppIcon;
				ASSETCATALOG_COMPILER_GLOBAL_ACCENT_COLOR_NAME = AccentColor;
				CODE_SIGN_STYLE = Automatic;
				DEVELOPMENT_ASSET_PATHS = "\"StudentLinkedIn/Preview Content\"";
				ENABLE_PREVIEWS = YES;
				INFOPLIST_FILE = StudentLinkedIn/Info.plist;
				IPHONEOS_DEPLOYMENT_TARGET = 14.0;
				LD_RUNPATH_SEARCH_PATHS = (
					"$(inherited)",
					"@executable_path/Frameworks",
				);
				PRODUCT_BUNDLE_IDENTIFIER = LCC.StudentLinkedIn;
				PRODUCT_NAME = "$(TARGET_NAME)";
				SWIFT_VERSION = 5.0;
				TARGETED_DEVICE_FAMILY = "1,2";
			};
			name = Debug;
		};
		8B387F12256DA4250071C3FE /* Release */ = {
			isa = XCBuildConfiguration;
			buildSettings = {
				ASSETCATALOG_COMPILER_APPICON_NAME = AppIcon;
				ASSETCATALOG_COMPILER_GLOBAL_ACCENT_COLOR_NAME = AccentColor;
				CODE_SIGN_STYLE = Automatic;
				DEVELOPMENT_ASSET_PATHS = "\"StudentLinkedIn/Preview Content\"";
				ENABLE_PREVIEWS = YES;
				INFOPLIST_FILE = StudentLinkedIn/Info.plist;
				IPHONEOS_DEPLOYMENT_TARGET = 14.0;
				LD_RUNPATH_SEARCH_PATHS = (
					"$(inherited)",
					"@executable_path/Frameworks",
				);
				PRODUCT_BUNDLE_IDENTIFIER = LCC.StudentLinkedIn;
				PRODUCT_NAME = "$(TARGET_NAME)";
				SWIFT_VERSION = 5.0;
				TARGETED_DEVICE_FAMILY = "1,2";
			};
			name = Release;
		};
		8B387F14256DA4250071C3FE /* Debug */ = {
			isa = XCBuildConfiguration;
			buildSettings = {
				ALWAYS_EMBED_SWIFT_STANDARD_LIBRARIES = YES;
				BUNDLE_LOADER = "$(TEST_HOST)";
				CODE_SIGN_STYLE = Automatic;
				INFOPLIST_FILE = StudentLinkedInTests/Info.plist;
				IPHONEOS_DEPLOYMENT_TARGET = 14.0;
				LD_RUNPATH_SEARCH_PATHS = (
					"$(inherited)",
					"@executable_path/Frameworks",
					"@loader_path/Frameworks",
				);
				PRODUCT_BUNDLE_IDENTIFIER = LCC.StudentLinkedInTests;
				PRODUCT_NAME = "$(TARGET_NAME)";
				SWIFT_VERSION = 5.0;
				TARGETED_DEVICE_FAMILY = "1,2";
				TEST_HOST = "$(BUILT_PRODUCTS_DIR)/StudentLinkedIn.app/StudentLinkedIn";
			};
			name = Debug;
		};
		8B387F15256DA4250071C3FE /* Release */ = {
			isa = XCBuildConfiguration;
			buildSettings = {
				ALWAYS_EMBED_SWIFT_STANDARD_LIBRARIES = YES;
				BUNDLE_LOADER = "$(TEST_HOST)";
				CODE_SIGN_STYLE = Automatic;
				INFOPLIST_FILE = StudentLinkedInTests/Info.plist;
				IPHONEOS_DEPLOYMENT_TARGET = 14.0;
				LD_RUNPATH_SEARCH_PATHS = (
					"$(inherited)",
					"@executable_path/Frameworks",
					"@loader_path/Frameworks",
				);
				PRODUCT_BUNDLE_IDENTIFIER = LCC.StudentLinkedInTests;
				PRODUCT_NAME = "$(TARGET_NAME)";
				SWIFT_VERSION = 5.0;
				TARGETED_DEVICE_FAMILY = "1,2";
				TEST_HOST = "$(BUILT_PRODUCTS_DIR)/StudentLinkedIn.app/StudentLinkedIn";
			};
			name = Release;
		};
		8B387F17256DA4250071C3FE /* Debug */ = {
			isa = XCBuildConfiguration;
			buildSettings = {
				ALWAYS_EMBED_SWIFT_STANDARD_LIBRARIES = YES;
				CODE_SIGN_STYLE = Automatic;
				INFOPLIST_FILE = StudentLinkedInUITests/Info.plist;
				LD_RUNPATH_SEARCH_PATHS = (
					"$(inherited)",
					"@executable_path/Frameworks",
					"@loader_path/Frameworks",
				);
				PRODUCT_BUNDLE_IDENTIFIER = LCC.StudentLinkedInUITests;
				PRODUCT_NAME = "$(TARGET_NAME)";
				SWIFT_VERSION = 5.0;
				TARGETED_DEVICE_FAMILY = "1,2";
				TEST_TARGET_NAME = StudentLinkedIn;
			};
			name = Debug;
		};
		8B387F18256DA4250071C3FE /* Release */ = {
			isa = XCBuildConfiguration;
			buildSettings = {
				ALWAYS_EMBED_SWIFT_STANDARD_LIBRARIES = YES;
				CODE_SIGN_STYLE = Automatic;
				INFOPLIST_FILE = StudentLinkedInUITests/Info.plist;
				LD_RUNPATH_SEARCH_PATHS = (
					"$(inherited)",
					"@executable_path/Frameworks",
					"@loader_path/Frameworks",
				);
				PRODUCT_BUNDLE_IDENTIFIER = LCC.StudentLinkedInUITests;
				PRODUCT_NAME = "$(TARGET_NAME)";
				SWIFT_VERSION = 5.0;
				TARGETED_DEVICE_FAMILY = "1,2";
				TEST_TARGET_NAME = StudentLinkedIn;
			};
			name = Release;
		};
/* End XCBuildConfiguration section */

/* Begin XCConfigurationList section */
		8B387EE6256DA4230071C3FE /* Build configuration list for PBXProject "StudentLinkedIn" */ = {
			isa = XCConfigurationList;
			buildConfigurations = (
				8B387F0E256DA4250071C3FE /* Debug */,
				8B387F0F256DA4250071C3FE /* Release */,
			);
			defaultConfigurationIsVisible = 0;
			defaultConfigurationName = Release;
		};
		8B387F10256DA4250071C3FE /* Build configuration list for PBXNativeTarget "StudentLinkedIn" */ = {
			isa = XCConfigurationList;
			buildConfigurations = (
				8B387F11256DA4250071C3FE /* Debug */,
				8B387F12256DA4250071C3FE /* Release */,
			);
			defaultConfigurationIsVisible = 0;
			defaultConfigurationName = Release;
		};
		8B387F13256DA4250071C3FE /* Build configuration list for PBXNativeTarget "StudentLinkedInTests" */ = {
			isa = XCConfigurationList;
			buildConfigurations = (
				8B387F14256DA4250071C3FE /* Debug */,
				8B387F15256DA4250071C3FE /* Release */,
			);
			defaultConfigurationIsVisible = 0;
			defaultConfigurationName = Release;
		};
		8B387F16256DA4250071C3FE /* Build configuration list for PBXNativeTarget "StudentLinkedInUITests" */ = {
			isa = XCConfigurationList;
			buildConfigurations = (
				8B387F17256DA4250071C3FE /* Debug */,
				8B387F18256DA4250071C3FE /* Release */,
			);
			defaultConfigurationIsVisible = 0;
			defaultConfigurationName = Release;
		};
/* End XCConfigurationList section */
	};
	rootObject = 8B387EE3256DA4230071C3FE /* Project object */;
}
