// !$*UTF8*$!
{
	archiveVersion = 1;
	classes = {
	};
	objectVersion = 51;
	objects = {

/* Begin PBXBuildFile section */
		78370D88C618C95F048E8D4A /* Pods_StudentLinkedIn.framework in Frameworks */ = {isa = PBXBuildFile; fileRef = 3BF3284B654C85783B8DF6AA /* Pods_StudentLinkedIn.framework */; };
		8B387F2E256DA5030071C3FE /* StudentLinkedInApp.swift in Sources */ = {isa = PBXBuildFile; fileRef = 8B387F2D256DA5030071C3FE /* StudentLinkedInApp.swift */; };
		8B387F30256DA5030071C3FE /* ContentView.swift in Sources */ = {isa = PBXBuildFile; fileRef = 8B387F2F256DA5030071C3FE /* ContentView.swift */; };
		8B387F32256DA5050071C3FE /* Assets.xcassets in Resources */ = {isa = PBXBuildFile; fileRef = 8B387F31256DA5050071C3FE /* Assets.xcassets */; };
		8B387F35256DA5050071C3FE /* Preview Assets.xcassets in Resources */ = {isa = PBXBuildFile; fileRef = 8B387F34256DA5050071C3FE /* Preview Assets.xcassets */; };
		8B387F3E256DA5260071C3FE /* GoogleService-Info.plist in Resources */ = {isa = PBXBuildFile; fileRef = 8B387F3D256DA5260071C3FE /* GoogleService-Info.plist */; };
		8B387F5F256DA9C80071C3FE /* AppDelegate.swift in Sources */ = {isa = PBXBuildFile; fileRef = 8B387F5E256DA9C80071C3FE /* AppDelegate.swift */; };
/* End PBXBuildFile section */

/* Begin PBXFileReference section */
		02FC021B887E44923D36E42B /* Pods-StudentLinkedIn.release.xcconfig */ = {isa = PBXFileReference; includeInIndex = 1; lastKnownFileType = text.xcconfig; name = "Pods-StudentLinkedIn.release.xcconfig"; path = "Target Support Files/Pods-StudentLinkedIn/Pods-StudentLinkedIn.release.xcconfig"; sourceTree = "<group>"; };
		3BF3284B654C85783B8DF6AA /* Pods_StudentLinkedIn.framework */ = {isa = PBXFileReference; explicitFileType = wrapper.framework; includeInIndex = 0; path = Pods_StudentLinkedIn.framework; sourceTree = BUILT_PRODUCTS_DIR; };
		6762F35E589EA2D4ADF2080C /* Pods-StudentLinkedIn.debug.xcconfig */ = {isa = PBXFileReference; includeInIndex = 1; lastKnownFileType = text.xcconfig; name = "Pods-StudentLinkedIn.debug.xcconfig"; path = "Target Support Files/Pods-StudentLinkedIn/Pods-StudentLinkedIn.debug.xcconfig"; sourceTree = "<group>"; };
		8B387F2A256DA5030071C3FE /* StudentLinkedIn.app */ = {isa = PBXFileReference; explicitFileType = wrapper.application; includeInIndex = 0; path = StudentLinkedIn.app; sourceTree = BUILT_PRODUCTS_DIR; };
		8B387F2D256DA5030071C3FE /* StudentLinkedInApp.swift */ = {isa = PBXFileReference; lastKnownFileType = sourcecode.swift; path = StudentLinkedInApp.swift; sourceTree = "<group>"; };
		8B387F2F256DA5030071C3FE /* ContentView.swift */ = {isa = PBXFileReference; lastKnownFileType = sourcecode.swift; path = ContentView.swift; sourceTree = "<group>"; };
		8B387F31256DA5050071C3FE /* Assets.xcassets */ = {isa = PBXFileReference; lastKnownFileType = folder.assetcatalog; path = Assets.xcassets; sourceTree = "<group>"; };
		8B387F34256DA5050071C3FE /* Preview Assets.xcassets */ = {isa = PBXFileReference; lastKnownFileType = folder.assetcatalog; path = "Preview Assets.xcassets"; sourceTree = "<group>"; };
		8B387F36256DA5050071C3FE /* Info.plist */ = {isa = PBXFileReference; lastKnownFileType = text.plist.xml; path = Info.plist; sourceTree = "<group>"; };
		8B387F3D256DA5260071C3FE /* GoogleService-Info.plist */ = {isa = PBXFileReference; fileEncoding = 4; lastKnownFileType = text.plist.xml; path = "GoogleService-Info.plist"; sourceTree = "<group>"; };
		8B387F5E256DA9C80071C3FE /* AppDelegate.swift */ = {isa = PBXFileReference; lastKnownFileType = sourcecode.swift; path = AppDelegate.swift; sourceTree = "<group>"; };
/* End PBXFileReference section */

/* Begin PBXFrameworksBuildPhase section */
		8B387F27256DA5030071C3FE /* Frameworks */ = {
			isa = PBXFrameworksBuildPhase;
			buildActionMask = 2147483647;
			files = (
				78370D88C618C95F048E8D4A /* Pods_StudentLinkedIn.framework in Frameworks */,
			);
			runOnlyForDeploymentPostprocessing = 0;
		};
/* End PBXFrameworksBuildPhase section */

/* Begin PBXGroup section */
		021B9F52792DA604250E71FE /* Frameworks */ = {
			isa = PBXGroup;
			children = (
				3BF3284B654C85783B8DF6AA /* Pods_StudentLinkedIn.framework */,
			);
			name = Frameworks;
			sourceTree = "<group>";
		};
		8B387F21256DA5030071C3FE = {
			isa = PBXGroup;
			children = (
				8B387F2C256DA5030071C3FE /* StudentLinkedIn */,
				8B387F2B256DA5030071C3FE /* Products */,
				D6F222C171F1117E83857228 /* Pods */,
				021B9F52792DA604250E71FE /* Frameworks */,
			);
			sourceTree = "<group>";
		};
		8B387F2B256DA5030071C3FE /* Products */ = {
			isa = PBXGroup;
			children = (
				8B387F2A256DA5030071C3FE /* StudentLinkedIn.app */,
			);
			name = Products;
			sourceTree = "<group>";
		};
		8B387F2C256DA5030071C3FE /* StudentLinkedIn */ = {
			isa = PBXGroup;
			children = (
				8B387F2D256DA5030071C3FE /* StudentLinkedInApp.swift */,
				8B387F2F256DA5030071C3FE /* ContentView.swift */,
				8B387F5E256DA9C80071C3FE /* AppDelegate.swift */,
				8B387F31256DA5050071C3FE /* Assets.xcassets */,
				8B387F36256DA5050071C3FE /* Info.plist */,
				8B387F3D256DA5260071C3FE /* GoogleService-Info.plist */,
				8B387F33256DA5050071C3FE /* Preview Content */,
			);
			path = StudentLinkedIn;
			sourceTree = "<group>";
		};
		8B387F33256DA5050071C3FE /* Preview Content */ = {
			isa = PBXGroup;
			children = (
				8B387F34256DA5050071C3FE /* Preview Assets.xcassets */,
			);
			path = "Preview Content";
			sourceTree = "<group>";
		};
		D6F222C171F1117E83857228 /* Pods */ = {
			isa = PBXGroup;
			children = (
				6762F35E589EA2D4ADF2080C /* Pods-StudentLinkedIn.debug.xcconfig */,
				02FC021B887E44923D36E42B /* Pods-StudentLinkedIn.release.xcconfig */,
			);
			path = Pods;
			sourceTree = "<group>";
		};
/* End PBXGroup section */

/* Begin PBXNativeTarget section */
		8B387F29256DA5030071C3FE /* StudentLinkedIn */ = {
			isa = PBXNativeTarget;
			buildConfigurationList = 8B387F39256DA5050071C3FE /* Build configuration list for PBXNativeTarget "StudentLinkedIn" */;
			buildPhases = (
				4DF22E2DC6CA368513D95BAE /* [CP] Check Pods Manifest.lock */,
				8B387F26256DA5030071C3FE /* Sources */,
				8B387F27256DA5030071C3FE /* Frameworks */,
				8B387F28256DA5030071C3FE /* Resources */,
				D1A19D7D72216715C72A03D3 /* [CP] Embed Pods Frameworks */,
			);
			buildRules = (
			);
			dependencies = (
			);
			name = StudentLinkedIn;
			productName = StudentLinkedIn;
			productReference = 8B387F2A256DA5030071C3FE /* StudentLinkedIn.app */;
			productType = "com.apple.product-type.application";
		};
/* End PBXNativeTarget section */

/* Begin PBXProject section */
		8B387F22256DA5030071C3FE /* Project object */ = {
			isa = PBXProject;
			attributes = {
				LastSwiftUpdateCheck = 1220;
				LastUpgradeCheck = 1220;
				TargetAttributes = {
					8B387F29256DA5030071C3FE = {
						CreatedOnToolsVersion = 12.2;
					};
				};
			};
			buildConfigurationList = 8B387F25256DA5030071C3FE /* Build configuration list for PBXProject "StudentLinkedIn" */;
			compatibilityVersion = "Xcode 9.3";
			developmentRegion = en;
			hasScannedForEncodings = 0;
			knownRegions = (
				en,
				Base,
			);
			mainGroup = 8B387F21256DA5030071C3FE;
			productRefGroup = 8B387F2B256DA5030071C3FE /* Products */;
			projectDirPath = "";
			projectRoot = "";
			targets = (
				8B387F29256DA5030071C3FE /* StudentLinkedIn */,
			);
		};
/* End PBXProject section */

/* Begin PBXResourcesBuildPhase section */
		8B387F28256DA5030071C3FE /* Resources */ = {
			isa = PBXResourcesBuildPhase;
			buildActionMask = 2147483647;
			files = (
				8B387F35256DA5050071C3FE /* Preview Assets.xcassets in Resources */,
				8B387F3E256DA5260071C3FE /* GoogleService-Info.plist in Resources */,
				8B387F32256DA5050071C3FE /* Assets.xcassets in Resources */,
			);
			runOnlyForDeploymentPostprocessing = 0;
		};
/* End PBXResourcesBuildPhase section */

/* Begin PBXShellScriptBuildPhase section */
		4DF22E2DC6CA368513D95BAE /* [CP] Check Pods Manifest.lock */ = {
			isa = PBXShellScriptBuildPhase;
			buildActionMask = 2147483647;
			files = (
			);
			inputFileListPaths = (
			);
			inputPaths = (
				"${PODS_PODFILE_DIR_PATH}/Podfile.lock",
				"${PODS_ROOT}/Manifest.lock",
			);
			name = "[CP] Check Pods Manifest.lock";
			outputFileListPaths = (
			);
			outputPaths = (
				"$(DERIVED_FILE_DIR)/Pods-StudentLinkedIn-checkManifestLockResult.txt",
			);
			runOnlyForDeploymentPostprocessing = 0;
			shellPath = /bin/sh;
			shellScript = "diff \"${PODS_PODFILE_DIR_PATH}/Podfile.lock\" \"${PODS_ROOT}/Manifest.lock\" > /dev/null\nif [ $? != 0 ] ; then\n    # print error to STDERR\n    echo \"error: The sandbox is not in sync with the Podfile.lock. Run 'pod install' or update your CocoaPods installation.\" >&2\n    exit 1\nfi\n# This output is used by Xcode 'outputs' to avoid re-running this script phase.\necho \"SUCCESS\" > \"${SCRIPT_OUTPUT_FILE_0}\"\n";
			showEnvVarsInLog = 0;
		};
		D1A19D7D72216715C72A03D3 /* [CP] Embed Pods Frameworks */ = {
			isa = PBXShellScriptBuildPhase;
			buildActionMask = 2147483647;
			files = (
			);
			inputFileListPaths = (
				"${PODS_ROOT}/Target Support Files/Pods-StudentLinkedIn/Pods-StudentLinkedIn-frameworks-${CONFIGURATION}-input-files.xcfilelist",
			);
			name = "[CP] Embed Pods Frameworks";
			outputFileListPaths = (
				"${PODS_ROOT}/Target Support Files/Pods-StudentLinkedIn/Pods-StudentLinkedIn-frameworks-${CONFIGURATION}-output-files.xcfilelist",
			);
			runOnlyForDeploymentPostprocessing = 0;
			shellPath = /bin/sh;
			shellScript = "\"${PODS_ROOT}/Target Support Files/Pods-StudentLinkedIn/Pods-StudentLinkedIn-frameworks.sh\"\n";
			showEnvVarsInLog = 0;
		};
/* End PBXShellScriptBuildPhase section */

/* Begin PBXSourcesBuildPhase section */
		8B387F26256DA5030071C3FE /* Sources */ = {
			isa = PBXSourcesBuildPhase;
			buildActionMask = 2147483647;
			files = (
				8B387F5F256DA9C80071C3FE /* AppDelegate.swift in Sources */,
				8B387F30256DA5030071C3FE /* ContentView.swift in Sources */,
				8B387F2E256DA5030071C3FE /* StudentLinkedInApp.swift in Sources */,
			);
			runOnlyForDeploymentPostprocessing = 0;
		};
/* End PBXSourcesBuildPhase section */

/* Begin XCBuildConfiguration section */
		8B387F37256DA5050071C3FE /* Debug */ = {
			isa = XCBuildConfiguration;
			buildSettings = {
				ALWAYS_SEARCH_USER_PATHS = NO;
				CLANG_ANALYZER_NONNULL = YES;
				CLANG_ANALYZER_NUMBER_OBJECT_CONVERSION = YES_AGGRESSIVE;
				CLANG_CXX_LANGUAGE_STANDARD = "gnu++14";
				CLANG_CXX_LIBRARY = "libc++";
				CLANG_ENABLE_MODULES = YES;
				CLANG_ENABLE_OBJC_ARC = YES;
				CLANG_ENABLE_OBJC_WEAK = YES;
				CLANG_WARN_BLOCK_CAPTURE_AUTORELEASING = YES;
				CLANG_WARN_BOOL_CONVERSION = YES;
				CLANG_WARN_COMMA = YES;
				CLANG_WARN_CONSTANT_CONVERSION = YES;
				CLANG_WARN_DEPRECATED_OBJC_IMPLEMENTATIONS = YES;
				CLANG_WARN_DIRECT_OBJC_ISA_USAGE = YES_ERROR;
				CLANG_WARN_DOCUMENTATION_COMMENTS = YES;
				CLANG_WARN_EMPTY_BODY = YES;
				CLANG_WARN_ENUM_CONVERSION = YES;
				CLANG_WARN_INFINITE_RECURSION = YES;
				CLANG_WARN_INT_CONVERSION = YES;
				CLANG_WARN_NON_LITERAL_NULL_CONVERSION = YES;
				CLANG_WARN_OBJC_IMPLICIT_RETAIN_SELF = YES;
				CLANG_WARN_OBJC_LITERAL_CONVERSION = YES;
				CLANG_WARN_OBJC_ROOT_CLASS = YES_ERROR;
				CLANG_WARN_QUOTED_INCLUDE_IN_FRAMEWORK_HEADER = YES;
				CLANG_WARN_RANGE_LOOP_ANALYSIS = YES;
				CLANG_WARN_STRICT_PROTOTYPES = YES;
				CLANG_WARN_SUSPICIOUS_MOVE = YES;
				CLANG_WARN_UNGUARDED_AVAILABILITY = YES_AGGRESSIVE;
				CLANG_WARN_UNREACHABLE_CODE = YES;
				CLANG_WARN__DUPLICATE_METHOD_MATCH = YES;
				COPY_PHASE_STRIP = NO;
				DEBUG_INFORMATION_FORMAT = dwarf;
				ENABLE_STRICT_OBJC_MSGSEND = YES;
				ENABLE_TESTABILITY = YES;
				GCC_C_LANGUAGE_STANDARD = gnu11;
				GCC_DYNAMIC_NO_PIC = NO;
				GCC_NO_COMMON_BLOCKS = YES;
				GCC_OPTIMIZATION_LEVEL = 0;
				GCC_PREPROCESSOR_DEFINITIONS = (
					"DEBUG=1",
					"$(inherited)",
				);
				GCC_WARN_64_TO_32_BIT_CONVERSION = YES;
				GCC_WARN_ABOUT_RETURN_TYPE = YES_ERROR;
				GCC_WARN_UNDECLARED_SELECTOR = YES;
				GCC_WARN_UNINITIALIZED_AUTOS = YES_AGGRESSIVE;
				GCC_WARN_UNUSED_FUNCTION = YES;
				GCC_WARN_UNUSED_VARIABLE = YES;
				IPHONEOS_DEPLOYMENT_TARGET = 14.2;
				MTL_ENABLE_DEBUG_INFO = INCLUDE_SOURCE;
				MTL_FAST_MATH = YES;
				ONLY_ACTIVE_ARCH = YES;
				SDKROOT = iphoneos;
				SWIFT_ACTIVE_COMPILATION_CONDITIONS = DEBUG;
				SWIFT_OPTIMIZATION_LEVEL = "-Onone";
			};
			name = Debug;
		};
		8B387F38256DA5050071C3FE /* Release */ = {
			isa = XCBuildConfiguration;
			buildSettings = {
				ALWAYS_SEARCH_USER_PATHS = NO;
				CLANG_ANALYZER_NONNULL = YES;
				CLANG_ANALYZER_NUMBER_OBJECT_CONVERSION = YES_AGGRESSIVE;
				CLANG_CXX_LANGUAGE_STANDARD = "gnu++14";
				CLANG_CXX_LIBRARY = "libc++";
				CLANG_ENABLE_MODULES = YES;
				CLANG_ENABLE_OBJC_ARC = YES;
				CLANG_ENABLE_OBJC_WEAK = YES;
				CLANG_WARN_BLOCK_CAPTURE_AUTORELEASING = YES;
				CLANG_WARN_BOOL_CONVERSION = YES;
				CLANG_WARN_COMMA = YES;
				CLANG_WARN_CONSTANT_CONVERSION = YES;
				CLANG_WARN_DEPRECATED_OBJC_IMPLEMENTATIONS = YES;
				CLANG_WARN_DIRECT_OBJC_ISA_USAGE = YES_ERROR;
				CLANG_WARN_DOCUMENTATION_COMMENTS = YES;
				CLANG_WARN_EMPTY_BODY = YES;
				CLANG_WARN_ENUM_CONVERSION = YES;
				CLANG_WARN_INFINITE_RECURSION = YES;
				CLANG_WARN_INT_CONVERSION = YES;
				CLANG_WARN_NON_LITERAL_NULL_CONVERSION = YES;
				CLANG_WARN_OBJC_IMPLICIT_RETAIN_SELF = YES;
				CLANG_WARN_OBJC_LITERAL_CONVERSION = YES;
				CLANG_WARN_OBJC_ROOT_CLASS = YES_ERROR;
				CLANG_WARN_QUOTED_INCLUDE_IN_FRAMEWORK_HEADER = YES;
				CLANG_WARN_RANGE_LOOP_ANALYSIS = YES;
				CLANG_WARN_STRICT_PROTOTYPES = YES;
				CLANG_WARN_SUSPICIOUS_MOVE = YES;
				CLANG_WARN_UNGUARDED_AVAILABILITY = YES_AGGRESSIVE;
				CLANG_WARN_UNREACHABLE_CODE = YES;
				CLANG_WARN__DUPLICATE_METHOD_MATCH = YES;
				COPY_PHASE_STRIP = NO;
				DEBUG_INFORMATION_FORMAT = "dwarf-with-dsym";
				ENABLE_NS_ASSERTIONS = NO;
				ENABLE_STRICT_OBJC_MSGSEND = YES;
				GCC_C_LANGUAGE_STANDARD = gnu11;
				GCC_NO_COMMON_BLOCKS = YES;
				GCC_WARN_64_TO_32_BIT_CONVERSION = YES;
				GCC_WARN_ABOUT_RETURN_TYPE = YES_ERROR;
				GCC_WARN_UNDECLARED_SELECTOR = YES;
				GCC_WARN_UNINITIALIZED_AUTOS = YES_AGGRESSIVE;
				GCC_WARN_UNUSED_FUNCTION = YES;
				GCC_WARN_UNUSED_VARIABLE = YES;
				IPHONEOS_DEPLOYMENT_TARGET = 14.2;
				MTL_ENABLE_DEBUG_INFO = NO;
				MTL_FAST_MATH = YES;
				SDKROOT = iphoneos;
				SWIFT_COMPILATION_MODE = wholemodule;
				SWIFT_OPTIMIZATION_LEVEL = "-O";
				VALIDATE_PRODUCT = YES;
			};
			name = Release;
		};
		8B387F3A256DA5050071C3FE /* Debug */ = {
			isa = XCBuildConfiguration;
			baseConfigurationReference = 6762F35E589EA2D4ADF2080C /* Pods-StudentLinkedIn.debug.xcconfig */;
			buildSettings = {
				ASSETCATALOG_COMPILER_APPICON_NAME = AppIcon;
				ASSETCATALOG_COMPILER_GLOBAL_ACCENT_COLOR_NAME = AccentColor;
				CODE_SIGN_STYLE = Automatic;
				DEVELOPMENT_ASSET_PATHS = "\"StudentLinkedIn/Preview Content\"";
				ENABLE_PREVIEWS = YES;
				INFOPLIST_FILE = StudentLinkedIn/Info.plist;
				IPHONEOS_DEPLOYMENT_TARGET = 14.0;
				LD_RUNPATH_SEARCH_PATHS = (
					"$(inherited)",
					"@executable_path/Frameworks",
				);
				PRODUCT_BUNDLE_IDENTIFIER = LCC.StudentLinkedIn;
				PRODUCT_NAME = "$(TARGET_NAME)";
				SWIFT_VERSION = 5.0;
				TARGETED_DEVICE_FAMILY = "1,2";
			};
			name = Debug;
		};
		8B387F3B256DA5050071C3FE /* Release */ = {
			isa = XCBuildConfiguration;
			baseConfigurationReference = 02FC021B887E44923D36E42B /* Pods-StudentLinkedIn.release.xcconfig */;
			buildSettings = {
				ASSETCATALOG_COMPILER_APPICON_NAME = AppIcon;
				ASSETCATALOG_COMPILER_GLOBAL_ACCENT_COLOR_NAME = AccentColor;
				CODE_SIGN_STYLE = Automatic;
				DEVELOPMENT_ASSET_PATHS = "\"StudentLinkedIn/Preview Content\"";
				ENABLE_PREVIEWS = YES;
				INFOPLIST_FILE = StudentLinkedIn/Info.plist;
				IPHONEOS_DEPLOYMENT_TARGET = 14.0;
				LD_RUNPATH_SEARCH_PATHS = (
					"$(inherited)",
					"@executable_path/Frameworks",
				);
				PRODUCT_BUNDLE_IDENTIFIER = LCC.StudentLinkedIn;
				PRODUCT_NAME = "$(TARGET_NAME)";
				SWIFT_VERSION = 5.0;
				TARGETED_DEVICE_FAMILY = "1,2";
			};
			name = Release;
		};
/* End XCBuildConfiguration section */

/* Begin XCConfigurationList section */
		8B387F25256DA5030071C3FE /* Build configuration list for PBXProject "StudentLinkedIn" */ = {
			isa = XCConfigurationList;
			buildConfigurations = (
				8B387F37256DA5050071C3FE /* Debug */,
				8B387F38256DA5050071C3FE /* Release */,
			);
			defaultConfigurationIsVisible = 0;
			defaultConfigurationName = Release;
		};
		8B387F39256DA5050071C3FE /* Build configuration list for PBXNativeTarget "StudentLinkedIn" */ = {
			isa = XCConfigurationList;
			buildConfigurations = (
				8B387F3A256DA5050071C3FE /* Debug */,
				8B387F3B256DA5050071C3FE /* Release */,
			);
			defaultConfigurationIsVisible = 0;
			defaultConfigurationName = Release;
		};
/* End XCConfigurationList section */
	};
	rootObject = 8B387F22256DA5030071C3FE /* Project object */;
}
